
Microsoft Visual Studio Solution File, Format Version 12.00
# Visual Studio Version 17
VisualStudioVersion = 17.14.36915.13 d17.14
MinimumVisualStudioVersion = 10.0.40219.1
Project("{FAE04EC0-301F-11D3-BF4B-00C04F79EFBC}") = "CybersecurityChatbot", "CybersecurityChatbot\CybersecurityChatbot.csproj", "{51CC6302-C6F9-4764-9AFE-48F8E4F4A2FE}"
EndProject
Global
	GlobalSection(SolutionConfigurationPlatforms) = preSolution
		Debug|Any CPU = Debug|Any CPU
		Release|Any CPU = Release|Any CPU
	EndGlobalSection
	GlobalSection(ProjectConfigurationPlatforms) = postSolution
		{51CC6302-C6F9-4764-9AFE-48F8E4F4A2FE}.Debug|Any CPU.ActiveCfg = Debug|Any CPU
		{51CC6302-C6F9-4764-9AFE-48F8E4F4A2FE}.Debug|Any CPU.Build.0 = Debug|Any CPU
		{51CC6302-C6F9-4764-9AFE-48F8E4F4A2FE}.Release|Any CPU.ActiveCfg = Release|Any CPU
		{51CC6302-C6F9-4764-9AFE-48F8E4F4A2FE}.Release|Any CPU.Build.0 = Release|Any CPU
	EndGlobalSection
	GlobalSection(SolutionProperties) = preSolution
		HideSolutionNode = FALSE
	EndGlobalSection
	GlobalSection(ExtensibilityGlobals) = postSolution
		SolutionGuid = {D8CAA242-DF34-43AF-A00E-28AB4272771E}
	EndGlobalSection
EndGlobal
